
Microsoft Visual Studio Solution File, Format Version 11.00
# Visual Studio 2010
Project("{FAE04EC0-301F-11D3-BF4B-00C04F79EFBC}") = "Assembly-CSharp", "Assembly-CSharp.csproj", "{5898595c-69ee-9487-0e7a-1f3d0a39f788}"
EndProject
Project("{FAE04EC0-301F-11D3-BF4B-00C04F79EFBC}") = "Assembly-CSharp-Editor", "Assembly-CSharp-Editor.csproj", "{c9dc7807-ccf8-d793-9aeb-306e3bd84ee5}"
EndProject
Global
	GlobalSection(SolutionConfigurationPlatforms) = preSolution
		Debug|Any CPU = Debug|Any CPU
	EndGlobalSection
	GlobalSection(ProjectConfigurationPlatforms) = postSolution
		{5898595c-69ee-9487-0e7a-1f3d0a39f788}.Debug|Any CPU.ActiveCfg = Debug|Any CPU
		{5898595c-69ee-9487-0e7a-1f3d0a39f788}.Debug|Any CPU.Build.0 = Debug|Any CPU
		{c9dc7807-ccf8-d793-9aeb-306e3bd84ee5}.Debug|Any CPU.ActiveCfg = Debug|Any CPU
		{c9dc7807-ccf8-d793-9aeb-306e3bd84ee5}.Debug|Any CPU.Build.0 = Debug|Any CPU
	EndGlobalSection
	GlobalSection(SolutionProperties) = preSolution
		HideSolutionNode = FALSE
	EndGlobalSection
EndGlobal
